
Microsoft Visual Studio Solution File, Format Version 12.00
Project("{FAE04EC0-301F-11D3-BF4B-00C04F79EFBC}") = "CarDDD.Core", "CarDDD.Core\CarDDD.Core.csproj", "{6E693CA1-7DC3-4405-AE91-859C9B59FEE1}"
EndProject
Project("{FAE04EC0-301F-11D3-BF4B-00C04F79EFBC}") = "CarDDD.Infrastructure", "CarDDD.Infrastructure\CarDDD.Infrastructure.csproj", "{E924EAC4-9409-4336-849A-E03E1EAC69D6}"
EndProject
Project("{FAE04EC0-301F-11D3-BF4B-00C04F79EFBC}") = "CarDDD.Settings", "CarDDD.Settings\CarDDD.Settings.csproj", "{7DDE26A2-87D1-4678-B455-485AFBC63202}"
EndProject
Project("{FAE04EC0-301F-11D3-BF4B-00C04F79EFBC}") = "CarDDD.Notifications", "CarDDD.Notifications\CarDDD.Notifications.csproj", "{6932B974-5DDF-4743-86E3-3D20DD720145}"
EndProject
Project("{FAE04EC0-301F-11D3-BF4B-00C04F79EFBC}") = "CarDDD.Contracts", "CarDDD.Contracts\CarDDD.Contracts.csproj", "{D0835EAD-21F3-4EF5-99F0-AAD6A0CF884D}"
EndProject
Project("{FAE04EC0-301F-11D3-BF4B-00C04F79EFBC}") = "CarDDD.DomainServices", "CarDDD.DomainServices\CarDDD.DomainServices.csproj", "{7020B4AA-B463-4B8A-A1E3-AE460871DFCD}"
EndProject
Project("{FAE04EC0-301F-11D3-BF4B-00C04F79EFBC}") = "CarDDD.ApplicationServices", "CarDDD.ApplicationServices\CarDDD.ApplicationServices.csproj", "{2B30A65F-A85D-49E3-B976-FAEAAB308CCC}"
EndProject
Global
	GlobalSection(SolutionConfigurationPlatforms) = preSolution
		Debug|Any CPU = Debug|Any CPU
		Release|Any CPU = Release|Any CPU
	EndGlobalSection
	GlobalSection(ProjectConfigurationPlatforms) = postSolution
		{6E693CA1-7DC3-4405-AE91-859C9B59FEE1}.Debug|Any CPU.ActiveCfg = Debug|Any CPU
		{6E693CA1-7DC3-4405-AE91-859C9B59FEE1}.Debug|Any CPU.Build.0 = Debug|Any CPU
		{6E693CA1-7DC3-4405-AE91-859C9B59FEE1}.Release|Any CPU.ActiveCfg = Release|Any CPU
		{6E693CA1-7DC3-4405-AE91-859C9B59FEE1}.Release|Any CPU.Build.0 = Release|Any CPU
		{E924EAC4-9409-4336-849A-E03E1EAC69D6}.Debug|Any CPU.ActiveCfg = Debug|Any CPU
		{E924EAC4-9409-4336-849A-E03E1EAC69D6}.Debug|Any CPU.Build.0 = Debug|Any CPU
		{E924EAC4-9409-4336-849A-E03E1EAC69D6}.Release|Any CPU.ActiveCfg = Release|Any CPU
		{E924EAC4-9409-4336-849A-E03E1EAC69D6}.Release|Any CPU.Build.0 = Release|Any CPU
		{7DDE26A2-87D1-4678-B455-485AFBC63202}.Debug|Any CPU.ActiveCfg = Debug|Any CPU
		{7DDE26A2-87D1-4678-B455-485AFBC63202}.Debug|Any CPU.Build.0 = Debug|Any CPU
		{7DDE26A2-87D1-4678-B455-485AFBC63202}.Release|Any CPU.ActiveCfg = Release|Any CPU
		{7DDE26A2-87D1-4678-B455-485AFBC63202}.Release|Any CPU.Build.0 = Release|Any CPU
		{6932B974-5DDF-4743-86E3-3D20DD720145}.Debug|Any CPU.ActiveCfg = Debug|Any CPU
		{6932B974-5DDF-4743-86E3-3D20DD720145}.Debug|Any CPU.Build.0 = Debug|Any CPU
		{6932B974-5DDF-4743-86E3-3D20DD720145}.Release|Any CPU.ActiveCfg = Release|Any CPU
		{6932B974-5DDF-4743-86E3-3D20DD720145}.Release|Any CPU.Build.0 = Release|Any CPU
		{D0835EAD-21F3-4EF5-99F0-AAD6A0CF884D}.Debug|Any CPU.ActiveCfg = Debug|Any CPU
		{D0835EAD-21F3-4EF5-99F0-AAD6A0CF884D}.Debug|Any CPU.Build.0 = Debug|Any CPU
		{D0835EAD-21F3-4EF5-99F0-AAD6A0CF884D}.Release|Any CPU.ActiveCfg = Release|Any CPU
		{D0835EAD-21F3-4EF5-99F0-AAD6A0CF884D}.Release|Any CPU.Build.0 = Release|Any CPU
		{7020B4AA-B463-4B8A-A1E3-AE460871DFCD}.Debug|Any CPU.ActiveCfg = Debug|Any CPU
		{7020B4AA-B463-4B8A-A1E3-AE460871DFCD}.Debug|Any CPU.Build.0 = Debug|Any CPU
		{7020B4AA-B463-4B8A-A1E3-AE460871DFCD}.Release|Any CPU.ActiveCfg = Release|Any CPU
		{7020B4AA-B463-4B8A-A1E3-AE460871DFCD}.Release|Any CPU.Build.0 = Release|Any CPU
		{2B30A65F-A85D-49E3-B976-FAEAAB308CCC}.Debug|Any CPU.ActiveCfg = Debug|Any CPU
		{2B30A65F-A85D-49E3-B976-FAEAAB308CCC}.Debug|Any CPU.Build.0 = Debug|Any CPU
		{2B30A65F-A85D-49E3-B976-FAEAAB308CCC}.Release|Any CPU.ActiveCfg = Release|Any CPU
		{2B30A65F-A85D-49E3-B976-FAEAAB308CCC}.Release|Any CPU.Build.0 = Release|Any CPU
	EndGlobalSection
EndGlobal
